
Microsoft Visual Studio Solution File, Format Version 12.00
# Visual Studio Version 17
VisualStudioVersion = 17.7.34202.233
MinimumVisualStudioVersion = 10.0.40219.1
Project("{FAE04EC0-301F-11D3-BF4B-00C04F79EFBC}") = "telacadastro", "telacadastro\telacadastro.csproj", "{741802D1-B13B-4AE3-8FB2-FCC4AF8547EF}"
EndProject
Global
	GlobalSection(SolutionConfigurationPlatforms) = preSolution
		Debug|Any CPU = Debug|Any CPU
		Release|Any CPU = Release|Any CPU
	EndGlobalSection
	GlobalSection(ProjectConfigurationPlatforms) = postSolution
		{741802D1-B13B-4AE3-8FB2-FCC4AF8547EF}.Debug|Any CPU.ActiveCfg = Debug|Any CPU
		{741802D1-B13B-4AE3-8FB2-FCC4AF8547EF}.Debug|Any CPU.Build.0 = Debug|Any CPU
		{741802D1-B13B-4AE3-8FB2-FCC4AF8547EF}.Release|Any CPU.ActiveCfg = Release|Any CPU
		{741802D1-B13B-4AE3-8FB2-FCC4AF8547EF}.Release|Any CPU.Build.0 = Release|Any CPU
	EndGlobalSection
	GlobalSection(SolutionProperties) = preSolution
		HideSolutionNode = FALSE
	EndGlobalSection
	GlobalSection(ExtensibilityGlobals) = postSolution
		SolutionGuid = {D99F1A0A-CD0D-407B-8269-280A8FA84390}
	EndGlobalSection
EndGlobal
